
Microsoft Visual Studio Solution File, Format Version 12.00
# Visual Studio Version 17
VisualStudioVersion = 17.9.34723.18
MinimumVisualStudioVersion = 10.0.40219.1
Project("{FAE04EC0-301F-11D3-BF4B-00C04F79EFBC}") = "PabloNobrega", "PabloNobrega\PabloNobrega.csproj", "{77CE6731-D8DF-49A4-892E-7F455C4E710E}"
EndProject
Global
	GlobalSection(SolutionConfigurationPlatforms) = preSolution
		Debug|Any CPU = Debug|Any CPU
		Release|Any CPU = Release|Any CPU
	EndGlobalSection
	GlobalSection(ProjectConfigurationPlatforms) = postSolution
		{77CE6731-D8DF-49A4-892E-7F455C4E710E}.Debug|Any CPU.ActiveCfg = Debug|Any CPU
		{77CE6731-D8DF-49A4-892E-7F455C4E710E}.Debug|Any CPU.Build.0 = Debug|Any CPU
		{77CE6731-D8DF-49A4-892E-7F455C4E710E}.Release|Any CPU.ActiveCfg = Release|Any CPU
		{77CE6731-D8DF-49A4-892E-7F455C4E710E}.Release|Any CPU.Build.0 = Release|Any CPU
	EndGlobalSection
	GlobalSection(SolutionProperties) = preSolution
		HideSolutionNode = FALSE
	EndGlobalSection
	GlobalSection(ExtensibilityGlobals) = postSolution
		SolutionGuid = {F8693DAC-8FA9-4C59-AB75-38AB3F7996AF}
	EndGlobalSection
EndGlobal
